
Microsoft Visual Studio Solution File, Format Version 12.00
# Visual Studio Version 17
VisualStudioVersion = 17.14.36908.2
MinimumVisualStudioVersion = 10.0.40219.1
Project("{FAE04EC0-301F-11D3-BF4B-00C04F79EFBC}") = "AgendaTarefas", "AgendaTarefas\AgendaTarefas.csproj", "{9244C4CC-36E8-436D-8D78-9D41F24CFE54}"
EndProject
Global
	GlobalSection(SolutionConfigurationPlatforms) = preSolution
		Debug|Any CPU = Debug|Any CPU
		Debug|x64 = Debug|x64
		Release|Any CPU = Release|Any CPU
		Release|x64 = Release|x64
	EndGlobalSection
	GlobalSection(ProjectConfigurationPlatforms) = postSolution
		{9244C4CC-36E8-436D-8D78-9D41F24CFE54}.Debug|Any CPU.ActiveCfg = Debug|Any CPU
		{9244C4CC-36E8-436D-8D78-9D41F24CFE54}.Debug|Any CPU.Build.0 = Debug|Any CPU
		{9244C4CC-36E8-436D-8D78-9D41F24CFE54}.Debug|x64.ActiveCfg = Debug|x64
		{9244C4CC-36E8-436D-8D78-9D41F24CFE54}.Debug|x64.Build.0 = Debug|x64
		{9244C4CC-36E8-436D-8D78-9D41F24CFE54}.Release|Any CPU.ActiveCfg = Release|Any CPU
		{9244C4CC-36E8-436D-8D78-9D41F24CFE54}.Release|Any CPU.Build.0 = Release|Any CPU
		{9244C4CC-36E8-436D-8D78-9D41F24CFE54}.Release|x64.ActiveCfg = Release|x64
		{9244C4CC-36E8-436D-8D78-9D41F24CFE54}.Release|x64.Build.0 = Release|x64
	EndGlobalSection
	GlobalSection(SolutionProperties) = preSolution
		HideSolutionNode = FALSE
	EndGlobalSection
	GlobalSection(ExtensibilityGlobals) = postSolution
		SolutionGuid = {FD5F0F6E-644D-4322-A5A7-793AD603FF18}
	EndGlobalSection
EndGlobal
